{
  "originHash" : "0e7776d6d6b81b3446a2161d296c2c21f9c318fa246b0b2caef427b15da18610",
  "pins" : [
    {
      "identity" : "flyingfox",
      "kind" : "remoteSourceControl",
      "location" : "https://github.com/swhitty/FlyingFox",
      "state" : {
        "revision" : "3ad076e081749cef043e25ac01719a503b772113",
        "version" : "0.22.0"
      }
    },
    {
      "identity" : "launchatlogin-modern",
      "kind" : "remoteSourceControl",
      "location" : "https://github.com/sindresorhus/LaunchAtLogin-Modern",
      "state" : {
        "revision" : "a04ec1c363be3627734f6dad757d82f5d4fa8fcc",
        "version" : "1.1.0"
      }
    }
  ],
  "version" : 3
}
